// !$*UTF8*$!
{
	archiveVersion = 1;
	classes = {
	};
	objectVersion = 56;
	objects = {

/* Begin PBXBuildFile section */
		1869D1B62C384E9400FF6BC6 /* AppDelegate.swift in Sources */ = {isa = PBXBuildFile; fileRef = 1869D1B52C384E9400FF6BC6 /* AppDelegate.swift */; };
		1869D1B82C384E9400FF6BC6 /* SceneDelegate.swift in Sources */ = {isa = PBXBuildFile; fileRef = 1869D1B72C384E9400FF6BC6 /* SceneDelegate.swift */; };
		1869D1BD2C384E9400FF6BC6 /* Base in Resources */ = {isa = PBXBuildFile; fileRef = 1869D1BC2C384E9400FF6BC6 /* Base */; };
		1869D1BF2C384E9500FF6BC6 /* Assets.xcassets in Resources */ = {isa = PBXBuildFile; fileRef = 1869D1BE2C384E9500FF6BC6 /* Assets.xcassets */; };
		1869D1C22C384E9500FF6BC6 /* Base in Resources */ = {isa = PBXBuildFile; fileRef = 1869D1C12C384E9500FF6BC6 /* Base */; };
		1869D1CA2C385F4C00FF6BC6 /* MapVC.swift in Sources */ = {isa = PBXBuildFile; fileRef = 1869D1C92C385F4C00FF6BC6 /* MapVC.swift */; };
		1869D1CE2C38616000FF6BC6 /* ServiceDetailViewController.swift in Sources */ = {isa = PBXBuildFile; fileRef = 1869D1CD2C38616000FF6BC6 /* ServiceDetailViewController.swift */; };
		1869D1D02C38657900FF6BC6 /* Data Model.swift in Sources */ = {isa = PBXBuildFile; fileRef = 1869D1CF2C38657900FF6BC6 /* Data Model.swift */; };
		1869D1D22C3867BA00FF6BC6 /* MainViewController.swift in Sources */ = {isa = PBXBuildFile; fileRef = 1869D1D12C3867BA00FF6BC6 /* MainViewController.swift */; };
		1869D1D42C3867EC00FF6BC6 /* AddDestinationViewController.swift in Sources */ = {isa = PBXBuildFile; fileRef = 1869D1D32C3867EC00FF6BC6 /* AddDestinationViewController.swift */; };
		1869D1D62C38680F00FF6BC6 /* MapViewController.swift in Sources */ = {isa = PBXBuildFile; fileRef = 1869D1D52C38680F00FF6BC6 /* MapViewController.swift */; };
/* End PBXBuildFile section */

/* Begin PBXFileReference section */
		1869D1B22C384E9400FF6BC6 /* MyMap.app */ = {isa = PBXFileReference; explicitFileType = wrapper.application; includeInIndex = 0; path = MyMap.app; sourceTree = BUILT_PRODUCTS_DIR; };
		1869D1B52C384E9400FF6BC6 /* AppDelegate.swift */ = {isa = PBXFileReference; lastKnownFileType = sourcecode.swift; path = AppDelegate.swift; sourceTree = "<group>"; };
		1869D1B72C384E9400FF6BC6 /* SceneDelegate.swift */ = {isa = PBXFileReference; lastKnownFileType = sourcecode.swift; path = SceneDelegate.swift; sourceTree = "<group>"; };
		1869D1BC2C384E9400FF6BC6 /* Base */ = {isa = PBXFileReference; lastKnownFileType = file.storyboard; name = Base; path = Base.lproj/Main.storyboard; sourceTree = "<group>"; };
		1869D1BE2C384E9500FF6BC6 /* Assets.xcassets */ = {isa = PBXFileReference; lastKnownFileType = folder.assetcatalog; path = Assets.xcassets; sourceTree = "<group>"; };
		1869D1C12C384E9500FF6BC6 /* Base */ = {isa = PBXFileReference; lastKnownFileType = file.storyboard; name = Base; path = Base.lproj/LaunchScreen.storyboard; sourceTree = "<group>"; };
		1869D1C32C384E9500FF6BC6 /* Info.plist */ = {isa = PBXFileReference; lastKnownFileType = text.plist.xml; path = Info.plist; sourceTree = "<group>"; };
		1869D1C92C385F4C00FF6BC6 /* MapVC.swift */ = {isa = PBXFileReference; lastKnownFileType = sourcecode.swift; path = MapVC.swift; sourceTree = "<group>"; };
		1869D1CD2C38616000FF6BC6 /* ServiceDetailViewController.swift */ = {isa = PBXFileReference; lastKnownFileType = sourcecode.swift; path = ServiceDetailViewController.swift; sourceTree = "<group>"; };
		1869D1CF2C38657900FF6BC6 /* Data Model.swift */ = {isa = PBXFileReference; lastKnownFileType = sourcecode.swift; path = "Data Model.swift"; sourceTree = "<group>"; };
		1869D1D12C3867BA00FF6BC6 /* MainViewController.swift */ = {isa = PBXFileReference; lastKnownFileType = sourcecode.swift; path = MainViewController.swift; sourceTree = "<group>"; };
		1869D1D32C3867EC00FF6BC6 /* AddDestinationViewController.swift */ = {isa = PBXFileReference; lastKnownFileType = sourcecode.swift; path = AddDestinationViewController.swift; sourceTree = "<group>"; };
		1869D1D52C38680F00FF6BC6 /* MapViewController.swift */ = {isa = PBXFileReference; lastKnownFileType = sourcecode.swift; path = MapViewController.swift; sourceTree = "<group>"; };
/* End PBXFileReference section */

/* Begin PBXFrameworksBuildPhase section */
		1869D1AF2C384E9400FF6BC6 /* Frameworks */ = {
			isa = PBXFrameworksBuildPhase;
			buildActionMask = 2147483647;
			files = (
			);
			runOnlyForDeploymentPostprocessing = 0;
		};
/* End PBXFrameworksBuildPhase section */

/* Begin PBXGroup section */
		1869D1A92C384E9400FF6BC6 = {
			isa = PBXGroup;
			children = (
				1869D1B42C384E9400FF6BC6 /* MyMap */,
				1869D1B32C384E9400FF6BC6 /* Products */,
			);
			sourceTree = "<group>";
		};
		1869D1B32C384E9400FF6BC6 /* Products */ = {
			isa = PBXGroup;
			children = (
				1869D1B22C384E9400FF6BC6 /* MyMap.app */,
			);
			name = Products;
			sourceTree = "<group>";
		};
		1869D1B42C384E9400FF6BC6 /* MyMap */ = {
			isa = PBXGroup;
			children = (
				1869D1CF2C38657900FF6BC6 /* Data Model.swift */,
				1869D1D12C3867BA00FF6BC6 /* MainViewController.swift */,
				1869D1D32C3867EC00FF6BC6 /* AddDestinationViewController.swift */,
				1869D1D52C38680F00FF6BC6 /* MapViewController.swift */,
				1869D1B52C384E9400FF6BC6 /* AppDelegate.swift */,
				1869D1B72C384E9400FF6BC6 /* SceneDelegate.swift */,
				1869D1BB2C384E9400FF6BC6 /* Main.storyboard */,
				1869D1CD2C38616000FF6BC6 /* ServiceDetailViewController.swift */,
				1869D1C92C385F4C00FF6BC6 /* MapVC.swift */,
				1869D1BE2C384E9500FF6BC6 /* Assets.xcassets */,
				1869D1C02C384E9500FF6BC6 /* LaunchScreen.storyboard */,
				1869D1C32C384E9500FF6BC6 /* Info.plist */,
			);
			path = MyMap;
			sourceTree = "<group>";
		};
/* End PBXGroup section */

/* Begin PBXNativeTarget section */
		1869D1B12C384E9400FF6BC6 /* MyMap */ = {
			isa = PBXNativeTarget;
			buildConfigurationList = 1869D1C62C384E9500FF6BC6 /* Build configuration list for PBXNativeTarget "MyMap" */;
			buildPhases = (
				1869D1AE2C384E9400FF6BC6 /* Sources */,
				1869D1AF2C384E9400FF6BC6 /* Frameworks */,
				1869D1B02C384E9400FF6BC6 /* Resources */,
			);
			buildRules = (
			);
			dependencies = (
			);
			name = MyMap;
			productName = MyMap;
			productReference = 1869D1B22C384E9400FF6BC6 /* MyMap.app */;
			productType = "com.apple.product-type.application";
		};
/* End PBXNativeTarget section */

/* Begin PBXProject section */
		1869D1AA2C384E9400FF6BC6 /* Project object */ = {
			isa = PBXProject;
			attributes = {
				BuildIndependentTargetsInParallel = 1;
				LastSwiftUpdateCheck = 1540;
				LastUpgradeCheck = 1540;
				TargetAttributes = {
					1869D1B12C384E9400FF6BC6 = {
						CreatedOnToolsVersion = 15.4;
					};
				};
			};
			buildConfigurationList = 1869D1AD2C384E9400FF6BC6 /* Build configuration list for PBXProject "MyMap" */;
			compatibilityVersion = "Xcode 14.0";
			developmentRegion = en;
			hasScannedForEncodings = 0;
			knownRegions = (
				en,
				Base,
			);
			mainGroup = 1869D1A92C384E9400FF6BC6;
			productRefGroup = 1869D1B32C384E9400FF6BC6 /* Products */;
			projectDirPath = "";
			projectRoot = "";
			targets = (
				1869D1B12C384E9400FF6BC6 /* MyMap */,
			);
		};
/* End PBXProject section */

/* Begin PBXResourcesBuildPhase section */
		1869D1B02C384E9400FF6BC6 /* Resources */ = {
			isa = PBXResourcesBuildPhase;
			buildActionMask = 2147483647;
			files = (
				1869D1BF2C384E9500FF6BC6 /* Assets.xcassets in Resources */,
				1869D1C22C384E9500FF6BC6 /* Base in Resources */,
				1869D1BD2C384E9400FF6BC6 /* Base in Resources */,
			);
			runOnlyForDeploymentPostprocessing = 0;
		};
/* End PBXResourcesBuildPhase section */

/* Begin PBXSourcesBuildPhase section */
		1869D1AE2C384E9400FF6BC6 /* Sources */ = {
			isa = PBXSourcesBuildPhase;
			buildActionMask = 2147483647;
			files = (
				1869D1D22C3867BA00FF6BC6 /* MainViewController.swift in Sources */,
				1869D1B62C384E9400FF6BC6 /* AppDelegate.swift in Sources */,
				1869D1CA2C385F4C00FF6BC6 /* MapVC.swift in Sources */,
				1869D1D42C3867EC00FF6BC6 /* AddDestinationViewController.swift in Sources */,
				1869D1D02C38657900FF6BC6 /* Data Model.swift in Sources */,
				1869D1CE2C38616000FF6BC6 /* ServiceDetailViewController.swift in Sources */,
				1869D1B82C384E9400FF6BC6 /* SceneDelegate.swift in Sources */,
				1869D1D62C38680F00FF6BC6 /* MapViewController.swift in Sources */,
			);
			runOnlyForDeploymentPostprocessing = 0;
		};
/* End PBXSourcesBuildPhase section */

/* Begin PBXVariantGroup section */
		1869D1BB2C384E9400FF6BC6 /* Main.storyboard */ = {
			isa = PBXVariantGroup;
			children = (
				1869D1BC2C384E9400FF6BC6 /* Base */,
			);
			name = Main.storyboard;
			sourceTree = "<group>";
		};
		1869D1C02C384E9500FF6BC6 /* LaunchScreen.storyboard */ = {
			isa = PBXVariantGroup;
			children = (
				1869D1C12C384E9500FF6BC6 /* Base */,
			);
			name = LaunchScreen.storyboard;
			sourceTree = "<group>";
		};
/* End PBXVariantGroup section */

/* Begin XCBuildConfiguration section */
		1869D1C42C384E9500FF6BC6 /* Debug */ = {
			isa = XCBuildConfiguration;
			buildSettings = {
				ALWAYS_SEARCH_USER_PATHS = NO;
				ASSETCATALOG_COMPILER_GENERATE_SWIFT_ASSET_SYMBOL_EXTENSIONS = YES;
				CLANG_ANALYZER_NONNULL = YES;
				CLANG_ANALYZER_NUMBER_OBJECT_CONVERSION = YES_AGGRESSIVE;
				CLANG_CXX_LANGUAGE_STANDARD = "gnu++20";
				CLANG_ENABLE_MODULES = YES;
				CLANG_ENABLE_OBJC_ARC = YES;
				CLANG_ENABLE_OBJC_WEAK = YES;
				CLANG_WARN_BLOCK_CAPTURE_AUTORELEASING = YES;
				CLANG_WARN_BOOL_CONVERSION = YES;
				CLANG_WARN_COMMA = YES;
				CLANG_WARN_CONSTANT_CONVERSION = YES;
				CLANG_WARN_DEPRECATED_OBJC_IMPLEMENTATIONS = YES;
				CLANG_WARN_DIRECT_OBJC_ISA_USAGE = YES_ERROR;
				CLANG_WARN_DOCUMENTATION_COMMENTS = YES;
				CLANG_WARN_EMPTY_BODY = YES;
				CLANG_WARN_ENUM_CONVERSION = YES;
				CLANG_WARN_INFINITE_RECURSION = YES;
				CLANG_WARN_INT_CONVERSION = YES;
				CLANG_WARN_NON_LITERAL_NULL_CONVERSION = YES;
				CLANG_WARN_OBJC_IMPLICIT_RETAIN_SELF = YES;
				CLANG_WARN_OBJC_LITERAL_CONVERSION = YES;
				CLANG_WARN_OBJC_ROOT_CLASS = YES_ERROR;
				CLANG_WARN_QUOTED_INCLUDE_IN_FRAMEWORK_HEADER = YES;
				CLANG_WARN_RANGE_LOOP_ANALYSIS = YES;
				CLANG_WARN_STRICT_PROTOTYPES = YES;
				CLANG_WARN_SUSPICIOUS_MOVE = YES;
				CLANG_WARN_UNGUARDED_AVAILABILITY = YES_AGGRESSIVE;
				CLANG_WARN_UNREACHABLE_CODE = YES;
				CLANG_WARN__DUPLICATE_METHOD_MATCH = YES;
				COPY_PHASE_STRIP = NO;
				DEBUG_INFORMATION_FORMAT = dwarf;
				ENABLE_STRICT_OBJC_MSGSEND = YES;
				ENABLE_TESTABILITY = YES;
				ENABLE_USER_SCRIPT_SANDBOXING = YES;
				GCC_C_LANGUAGE_STANDARD = gnu17;
				GCC_DYNAMIC_NO_PIC = NO;
				GCC_NO_COMMON_BLOCKS = YES;
				GCC_OPTIMIZATION_LEVEL = 0;
				GCC_PREPROCESSOR_DEFINITIONS = (
					"DEBUG=1",
					"$(inherited)",
				);
				GCC_WARN_64_TO_32_BIT_CONVERSION = YES;
				GCC_WARN_ABOUT_RETURN_TYPE = YES_ERROR;
				GCC_WARN_UNDECLARED_SELECTOR = YES;
				GCC_WARN_UNINITIALIZED_AUTOS = YES_AGGRESSIVE;
				GCC_WARN_UNUSED_FUNCTION = YES;
				GCC_WARN_UNUSED_VARIABLE = YES;
				IPHONEOS_DEPLOYMENT_TARGET = 17.5;
				LOCALIZATION_PREFERS_STRING_CATALOGS = YES;
				MTL_ENABLE_DEBUG_INFO = INCLUDE_SOURCE;
				MTL_FAST_MATH = YES;
				ONLY_ACTIVE_ARCH = YES;
				SDKROOT = iphoneos;
				SWIFT_ACTIVE_COMPILATION_CONDITIONS = "DEBUG $(inherited)";
				SWIFT_OPTIMIZATION_LEVEL = "-Onone";
			};
			name = Debug;
		};
		1869D1C52C384E9500FF6BC6 /* Release */ = {
			isa = XCBuildConfiguration;
			buildSettings = {
				ALWAYS_SEARCH_USER_PATHS = NO;
				ASSETCATALOG_COMPILER_GENERATE_SWIFT_ASSET_SYMBOL_EXTENSIONS = YES;
				CLANG_ANALYZER_NONNULL = YES;
				CLANG_ANALYZER_NUMBER_OBJECT_CONVERSION = YES_AGGRESSIVE;
				CLANG_CXX_LANGUAGE_STANDARD = "gnu++20";
				CLANG_ENABLE_MODULES = YES;
				CLANG_ENABLE_OBJC_ARC = YES;
				CLANG_ENABLE_OBJC_WEAK = YES;
				CLANG_WARN_BLOCK_CAPTURE_AUTORELEASING = YES;
				CLANG_WARN_BOOL_CONVERSION = YES;
				CLANG_WARN_COMMA = YES;
				CLANG_WARN_CONSTANT_CONVERSION = YES;
				CLANG_WARN_DEPRECATED_OBJC_IMPLEMENTATIONS = YES;
				CLANG_WARN_DIRECT_OBJC_ISA_USAGE = YES_ERROR;
				CLANG_WARN_DOCUMENTATION_COMMENTS = YES;
				CLANG_WARN_EMPTY_BODY = YES;
				CLANG_WARN_ENUM_CONVERSION = YES;
				CLANG_WARN_INFINITE_RECURSION = YES;
				CLANG_WARN_INT_CONVERSION = YES;
				CLANG_WARN_NON_LITERAL_NULL_CONVERSION = YES;
				CLANG_WARN_OBJC_IMPLICIT_RETAIN_SELF = YES;
				CLANG_WARN_OBJC_LITERAL_CONVERSION = YES;
				CLANG_WARN_OBJC_ROOT_CLASS = YES_ERROR;
				CLANG_WARN_QUOTED_INCLUDE_IN_FRAMEWORK_HEADER = YES;
				CLANG_WARN_RANGE_LOOP_ANALYSIS = YES;
				CLANG_WARN_STRICT_PROTOTYPES = YES;
				CLANG_WARN_SUSPICIOUS_MOVE = YES;
				CLANG_WARN_UNGUARDED_AVAILABILITY = YES_AGGRESSIVE;
				CLANG_WARN_UNREACHABLE_CODE = YES;
				CLANG_WARN__DUPLICATE_METHOD_MATCH = YES;
				COPY_PHASE_STRIP = NO;
				DEBUG_INFORMATION_FORMAT = "dwarf-with-dsym";
				ENABLE_NS_ASSERTIONS = NO;
				ENABLE_STRICT_OBJC_MSGSEND = YES;
				ENABLE_USER_SCRIPT_SANDBOXING = YES;
				GCC_C_LANGUAGE_STANDARD = gnu17;
				GCC_NO_COMMON_BLOCKS = YES;
				GCC_WARN_64_TO_32_BIT_CONVERSION = YES;
				GCC_WARN_ABOUT_RETURN_TYPE = YES_ERROR;
				GCC_WARN_UNDECLARED_SELECTOR = YES;
				GCC_WARN_UNINITIALIZED_AUTOS = YES_AGGRESSIVE;
				GCC_WARN_UNUSED_FUNCTION = YES;
				GCC_WARN_UNUSED_VARIABLE = YES;
				IPHONEOS_DEPLOYMENT_TARGET = 17.5;
				LOCALIZATION_PREFERS_STRING_CATALOGS = YES;
				MTL_ENABLE_DEBUG_INFO = NO;
				MTL_FAST_MATH = YES;
				SDKROOT = iphoneos;
				SWIFT_COMPILATION_MODE = wholemodule;
				VALIDATE_PRODUCT = YES;
			};
			name = Release;
		};
		1869D1C72C384E9500FF6BC6 /* Debug */ = {
			isa = XCBuildConfiguration;
			buildSettings = {
				ASSETCATALOG_COMPILER_APPICON_NAME = AppIcon;
				ASSETCATALOG_COMPILER_GLOBAL_ACCENT_COLOR_NAME = AccentColor;
				CODE_SIGN_STYLE = Automatic;
				CURRENT_PROJECT_VERSION = 1;
				GENERATE_INFOPLIST_FILE = YES;
				INFOPLIST_FILE = MyMap/Info.plist;
				INFOPLIST_KEY_UIApplicationSupportsIndirectInputEvents = YES;
				INFOPLIST_KEY_UILaunchStoryboardName = LaunchScreen;
				INFOPLIST_KEY_UIMainStoryboardFile = Main;
				INFOPLIST_KEY_UISupportedInterfaceOrientations_iPad = "UIInterfaceOrientationPortrait UIInterfaceOrientationPortraitUpsideDown UIInterfaceOrientationLandscapeLeft UIInterfaceOrientationLandscapeRight";
				INFOPLIST_KEY_UISupportedInterfaceOrientations_iPhone = "UIInterfaceOrientationPortrait UIInterfaceOrientationLandscapeLeft UIInterfaceOrientationLandscapeRight";
				LD_RUNPATH_SEARCH_PATHS = (
					"$(inherited)",
					"@executable_path/Frameworks",
				);
				MARKETING_VERSION = 1.0;
				PRODUCT_BUNDLE_IDENTIFIER = com.MyMap;
				PRODUCT_NAME = "$(TARGET_NAME)";
				SUPPORTED_PLATFORMS = "iphoneos iphonesimulator";
				SUPPORTS_MACCATALYST = NO;
				SUPPORTS_MAC_DESIGNED_FOR_IPHONE_IPAD = NO;
				SUPPORTS_XR_DESIGNED_FOR_IPHONE_IPAD = NO;
				SWIFT_EMIT_LOC_STRINGS = YES;
				SWIFT_VERSION = 5.0;
				TARGETED_DEVICE_FAMILY = 1;
			};
			name = Debug;
		};
		1869D1C82C384E9500FF6BC6 /* Release */ = {
			isa = XCBuildConfiguration;
			buildSettings = {
				ASSETCATALOG_COMPILER_APPICON_NAME = AppIcon;
				ASSETCATALOG_COMPILER_GLOBAL_ACCENT_COLOR_NAME = AccentColor;
				CODE_SIGN_STYLE = Automatic;
				CURRENT_PROJECT_VERSION = 1;
				GENERATE_INFOPLIST_FILE = YES;
				INFOPLIST_FILE = MyMap/Info.plist;
				INFOPLIST_KEY_UIApplicationSupportsIndirectInputEvents = YES;
				INFOPLIST_KEY_UILaunchStoryboardName = LaunchScreen;
				INFOPLIST_KEY_UIMainStoryboardFile = Main;
				INFOPLIST_KEY_UISupportedInterfaceOrientations_iPad = "UIInterfaceOrientationPortrait UIInterfaceOrientationPortraitUpsideDown UIInterfaceOrientationLandscapeLeft UIInterfaceOrientationLandscapeRight";
				INFOPLIST_KEY_UISupportedInterfaceOrientations_iPhone = "UIInterfaceOrientationPortrait UIInterfaceOrientationLandscapeLeft UIInterfaceOrientationLandscapeRight";
				LD_RUNPATH_SEARCH_PATHS = (
					"$(inherited)",
					"@executable_path/Frameworks",
				);
				MARKETING_VERSION = 1.0;
				PRODUCT_BUNDLE_IDENTIFIER = com.MyMap;
				PRODUCT_NAME = "$(TARGET_NAME)";
				SUPPORTED_PLATFORMS = "iphoneos iphonesimulator";
				SUPPORTS_MACCATALYST = NO;
				SUPPORTS_MAC_DESIGNED_FOR_IPHONE_IPAD = NO;
				SUPPORTS_XR_DESIGNED_FOR_IPHONE_IPAD = NO;
				SWIFT_EMIT_LOC_STRINGS = YES;
				SWIFT_VERSION = 5.0;
				TARGETED_DEVICE_FAMILY = 1;
			};
			name = Release;
		};
/* End XCBuildConfiguration section */

/* Begin XCConfigurationList section */
		1869D1AD2C384E9400FF6BC6 /* Build configuration list for PBXProject "MyMap" */ = {
			isa = XCConfigurationList;
			buildConfigurations = (
				1869D1C42C384E9500FF6BC6 /* Debug */,
				1869D1C52C384E9500FF6BC6 /* Release */,
			);
			defaultConfigurationIsVisible = 0;
			defaultConfigurationName = Release;
		};
		1869D1C62C384E9500FF6BC6 /* Build configuration list for PBXNativeTarget "MyMap" */ = {
			isa = XCConfigurationList;
			buildConfigurations = (
				1869D1C72C384E9500FF6BC6 /* Debug */,
				1869D1C82C384E9500FF6BC6 /* Release */,
			);
			defaultConfigurationIsVisible = 0;
			defaultConfigurationName = Release;
		};
/* End XCConfigurationList section */
	};
	rootObject = 1869D1AA2C384E9400FF6BC6 /* Project object */;
}
